// !$*UTF8*$!
{
	archiveVersion = 1;
	classes = {
	};
	objectVersion = 46;
	objects = {

/* Begin PBXBuildFile section */
		909EC04F1ADF488F00593F95 /* Assignment9.cpp in Sources */ = {isa = PBXBuildFile; fileRef = 909EC04E1ADF488F00593F95 /* Assignment9.cpp */; };
		909EC05B1AE0340200593F95 /* HashTable.cpp in Sources */ = {isa = PBXBuildFile; fileRef = 909EC0591AE0340200593F95 /* HashTable.cpp */; };
/* End PBXBuildFile section */

/* Begin PBXCopyFilesBuildPhase section */
		909EC0491ADF488F00593F95 /* CopyFiles */ = {
			isa = PBXCopyFilesBuildPhase;
			buildActionMask = 2147483647;
			dstPath = /usr/share/man/man1/;
			dstSubfolderSpec = 0;
			files = (
			);
			runOnlyForDeploymentPostprocessing = 1;
		};
/* End PBXCopyFilesBuildPhase section */

/* Begin PBXFileReference section */
		909EC04B1ADF488F00593F95 /* Assignment9 */ = {isa = PBXFileReference; explicitFileType = "compiled.mach-o.executable"; includeInIndex = 0; path = Assignment9; sourceTree = BUILT_PRODUCTS_DIR; };
		909EC04E1ADF488F00593F95 /* Assignment9.cpp */ = {isa = PBXFileReference; lastKnownFileType = sourcecode.cpp.cpp; path = Assignment9.cpp; sourceTree = "<group>"; };
		909EC0591AE0340200593F95 /* HashTable.cpp */ = {isa = PBXFileReference; fileEncoding = 4; lastKnownFileType = sourcecode.cpp.cpp; path = HashTable.cpp; sourceTree = "<group>"; };
		909EC05A1AE0340200593F95 /* HashTable.h */ = {isa = PBXFileReference; fileEncoding = 4; lastKnownFileType = sourcecode.c.h; path = HashTable.h; sourceTree = "<group>"; };
/* End PBXFileReference section */

/* Begin PBXFrameworksBuildPhase section */
		909EC0481ADF488F00593F95 /* Frameworks */ = {
			isa = PBXFrameworksBuildPhase;
			buildActionMask = 2147483647;
			files = (
			);
			runOnlyForDeploymentPostprocessing = 0;
		};
/* End PBXFrameworksBuildPhase section */

/* Begin PBXGroup section */
		909EC0421ADF488F00593F95 = {
			isa = PBXGroup;
			children = (
				909EC04D1ADF488F00593F95 /* Assignment9 */,
				909EC04C1ADF488F00593F95 /* Products */,
			);
			sourceTree = "<group>";
		};
		909EC04C1ADF488F00593F95 /* Products */ = {
			isa = PBXGroup;
			children = (
				909EC04B1ADF488F00593F95 /* Assignment9 */,
			);
			name = Products;
			sourceTree = "<group>";
		};
		909EC04D1ADF488F00593F95 /* Assignment9 */ = {
			isa = PBXGroup;
			children = (
				909EC04E1ADF488F00593F95 /* Assignment9.cpp */,
				909EC0591AE0340200593F95 /* HashTable.cpp */,
				909EC05A1AE0340200593F95 /* HashTable.h */,
			);
			path = Assignment9;
			sourceTree = "<group>";
		};
/* End PBXGroup section */

/* Begin PBXNativeTarget section */
		909EC04A1ADF488F00593F95 /* Assignment9 */ = {
			isa = PBXNativeTarget;
			buildConfigurationList = 909EC0521ADF488F00593F95 /* Build configuration list for PBXNativeTarget "Assignment9" */;
			buildPhases = (
				909EC0471ADF488F00593F95 /* Sources */,
				909EC0481ADF488F00593F95 /* Frameworks */,
				909EC0491ADF488F00593F95 /* CopyFiles */,
			);
			buildRules = (
			);
			dependencies = (
			);
			name = Assignment9;
			productName = Assignment9;
			productReference = 909EC04B1ADF488F00593F95 /* Assignment9 */;
			productType = "com.apple.product-type.tool";
		};
/* End PBXNativeTarget section */

/* Begin PBXProject section */
		909EC0431ADF488F00593F95 /* Project object */ = {
			isa = PBXProject;
			attributes = {
				LastUpgradeCheck = 0630;
				ORGANIZATIONNAME = nope;
				TargetAttributes = {
					909EC04A1ADF488F00593F95 = {
						CreatedOnToolsVersion = 6.3;
					};
				};
			};
			buildConfigurationList = 909EC0461ADF488F00593F95 /* Build configuration list for PBXProject "Assignment9" */;
			compatibilityVersion = "Xcode 3.2";
			developmentRegion = English;
			hasScannedForEncodings = 0;
			knownRegions = (
				en,
			);
			mainGroup = 909EC0421ADF488F00593F95;
			productRefGroup = 909EC04C1ADF488F00593F95 /* Products */;
			projectDirPath = "";
			projectRoot = "";
			targets = (
				909EC04A1ADF488F00593F95 /* Assignment9 */,
			);
		};
/* End PBXProject section */

/* Begin PBXSourcesBuildPhase section */
		909EC0471ADF488F00593F95 /* Sources */ = {
			isa = PBXSourcesBuildPhase;
			buildActionMask = 2147483647;
			files = (
				909EC05B1AE0340200593F95 /* HashTable.cpp in Sources */,
				909EC04F1ADF488F00593F95 /* Assignment9.cpp in Sources */,
			);
			runOnlyForDeploymentPostprocessing = 0;
		};
/* End PBXSourcesBuildPhase section */

/* Begin XCBuildConfiguration section */
		909EC0501ADF488F00593F95 /* Debug */ = {
			isa = XCBuildConfiguration;
			buildSettings = {
				ALWAYS_SEARCH_USER_PATHS = NO;
				CLANG_CXX_LANGUAGE_STANDARD = "gnu++0x";
				CLANG_CXX_LIBRARY = "libc++";
				CLANG_ENABLE_MODULES = YES;
				CLANG_ENABLE_OBJC_ARC = YES;
				CLANG_WARN_BOOL_CONVERSION = YES;
				CLANG_WARN_CONSTANT_CONVERSION = YES;
				CLANG_WARN_DIRECT_OBJC_ISA_USAGE = YES_ERROR;
				CLANG_WARN_EMPTY_BODY = YES;
				CLANG_WARN_ENUM_CONVERSION = YES;
				CLANG_WARN_INT_CONVERSION = YES;
				CLANG_WARN_OBJC_ROOT_CLASS = YES_ERROR;
				CLANG_WARN_UNREACHABLE_CODE = YES;
				CLANG_WARN__DUPLICATE_METHOD_MATCH = YES;
				COPY_PHASE_STRIP = NO;
				DEBUG_INFORMATION_FORMAT = dwarf;
				ENABLE_STRICT_OBJC_MSGSEND = YES;
				GCC_C_LANGUAGE_STANDARD = gnu99;
				GCC_DYNAMIC_NO_PIC = NO;
				GCC_NO_COMMON_BLOCKS = YES;
				GCC_OPTIMIZATION_LEVEL = 0;
				GCC_PREPROCESSOR_DEFINITIONS = (
					"DEBUG=1",
					"$(inherited)",
				);
				GCC_SYMBOLS_PRIVATE_EXTERN = NO;
				GCC_WARN_64_TO_32_BIT_CONVERSION = YES;
				GCC_WARN_ABOUT_RETURN_TYPE = YES_ERROR;
				GCC_WARN_UNDECLARED_SELECTOR = YES;
				GCC_WARN_UNINITIALIZED_AUTOS = YES_AGGRESSIVE;
				GCC_WARN_UNUSED_FUNCTION = YES;
				GCC_WARN_UNUSED_VARIABLE = YES;
				MACOSX_DEPLOYMENT_TARGET = 10.10;
				MTL_ENABLE_DEBUG_INFO = YES;
				ONLY_ACTIVE_ARCH = YES;
				SDKROOT = macosx;
			};
			name = Debug;
		};
		909EC0511ADF488F00593F95 /* Release */ = {
			isa = XCBuildConfiguration;
			buildSettings = {
				ALWAYS_SEARCH_USER_PATHS = NO;
				CLANG_CXX_LANGUAGE_STANDARD = "gnu++0x";
				CLANG_CXX_LIBRARY = "libc++";
				CLANG_ENABLE_MODULES = YES;
				CLANG_ENABLE_OBJC_ARC = YES;
				CLANG_WARN_BOOL_CONVERSION = YES;
				CLANG_WARN_CONSTANT_CONVERSION = YES;
				CLANG_WARN_DIRECT_OBJC_ISA_USAGE = YES_ERROR;
				CLANG_WARN_EMPTY_BODY = YES;
				CLANG_WARN_ENUM_CONVERSION = YES;
				CLANG_WARN_INT_CONVERSION = YES;
				CLANG_WARN_OBJC_ROOT_CLASS = YES_ERROR;
				CLANG_WARN_UNREACHABLE_CODE = YES;
				CLANG_WARN__DUPLICATE_METHOD_MATCH = YES;
				COPY_PHASE_STRIP = NO;
				DEBUG_INFORMATION_FORMAT = "dwarf-with-dsym";
				ENABLE_NS_ASSERTIONS = NO;
				ENABLE_STRICT_OBJC_MSGSEND = YES;
				GCC_C_LANGUAGE_STANDARD = gnu99;
				GCC_NO_COMMON_BLOCKS = YES;
				GCC_WARN_64_TO_32_BIT_CONVERSION = YES;
				GCC_WARN_ABOUT_RETURN_TYPE = YES_ERROR;
				GCC_WARN_UNDECLARED_SELECTOR = YES;
				GCC_WARN_UNINITIALIZED_AUTOS = YES_AGGRESSIVE;
				GCC_WARN_UNUSED_FUNCTION = YES;
				GCC_WARN_UNUSED_VARIABLE = YES;
				MACOSX_DEPLOYMENT_TARGET = 10.10;
				MTL_ENABLE_DEBUG_INFO = NO;
				SDKROOT = macosx;
			};
			name = Release;
		};
		909EC0531ADF488F00593F95 /* Debug */ = {
			isa = XCBuildConfiguration;
			buildSettings = {
				PRODUCT_NAME = "$(TARGET_NAME)";
			};
			name = Debug;
		};
		909EC0541ADF488F00593F95 /* Release */ = {
			isa = XCBuildConfiguration;
			buildSettings = {
				PRODUCT_NAME = "$(TARGET_NAME)";
			};
			name = Release;
		};
/* End XCBuildConfiguration section */

/* Begin XCConfigurationList section */
		909EC0461ADF488F00593F95 /* Build configuration list for PBXProject "Assignment9" */ = {
			isa = XCConfigurationList;
			buildConfigurations = (
				909EC0501ADF488F00593F95 /* Debug */,
				909EC0511ADF488F00593F95 /* Release */,
			);
			defaultConfigurationIsVisible = 0;
			defaultConfigurationName = Release;
		};
		909EC0521ADF488F00593F95 /* Build configuration list for PBXNativeTarget "Assignment9" */ = {
			isa = XCConfigurationList;
			buildConfigurations = (
				909EC0531ADF488F00593F95 /* Debug */,
				909EC0541ADF488F00593F95 /* Release */,
			);
			defaultConfigurationIsVisible = 0;
			defaultConfigurationName = Release;
		};
/* End XCConfigurationList section */
	};
	rootObject = 909EC0431ADF488F00593F95 /* Project object */;
}
